{
    "version": "0.5",
    "requires": [
        "zlib/1.3.1#f52e03ae3d251dec704634230cd806a2%1739733953.0",
        "xz_utils/5.4.5#51e5a6e6564f4ea3afd79def01f035ad%1739733952.0",
        "xorg/system#f626cbdd0ba57d9c53bce2d8b9362fad%1739733952.0",
        "xkeyboard-config/system#57dd5c08e72ab06bc2ee0e756c0a2c41%1739733951.0",
        "xkbcommon/1.6.0#dababe41c183634d88ad56ef4740c045%1739733950.0",
        "wayland/1.22.0#284b56bdbe57868770f46100784e3b4d%1739733949.0",
        "vorbis/1.3.7#37e58f52e59a6232199b34ef402714a6%1739733949.0",
        "system2.cpp/cci.20241020#8d6e6aef7a199b5ac348811c5dc4330a%1739733877.0",
        "stduuid/1.2.3#6faafc03e1d59789d6304ed3f46b74d4%1739733877.0",
        "stb/cci.20230920#9792498b81cf34a90138d239e36b0bf8%1739733876.0",
        "spdlog/1.12.0#baf01ff8c9be09bb6cb6c62c1804012c%1739733875.0",
        "sfml/2.6.2#c37d0b795930d8db34a2d280e6ab5bbd%1740309673.0",
        "sdl/2.28.5#e1be2b96f805dd72b290e34727b86428%1739733874.0",
        "rocket/cci.20200603#e707fb33ad04797f7b04dbeec352f835%1739733873.0",
        "pulseaudio/14.2#30afeff38a7770cb9cda17a66da49a19%1739733864.0",
        "opus/1.4#54631f551fc450783fb2df8cd63f80a2%1739733863.0",
        "openssl/3.2.2#899583c694f9deccec74dbe0bbc65a15%1739733853.0",
        "opengl/system#4df6fecde4084386beded3ed0e56e4ea%1739733853.0",
        "openal-soft/1.22.2#506a381e0b805519cba4a7f1ee653fed%1739733852.0",
        "ogg/1.3.5#062626875f5c8c59f069f76f148098ef%1739733852.0",
        "nlohmann_json/3.11.2#1ded6ae5d200a68ac17c51d528b945e2%1739733852.0",
        "ms-gsl/4.0.0#057429d7a351a5819da5ddd19ee33665%1739733851.0",
        "mpg123/1.31.2#ce831c936b2284e2066ab3dc58a2628e%1739733850.0",
        "minimp3/cci.20211201#045f7bf02ba91cce9a8730ce075705e7%1739733850.0",
        "magic_enum/0.9.3#b59b6418d7f3e348f156fc0b85a6dd08%1739733843.0",
        "m4/1.4.19#b38ced39a01e31fef5435bc634461fd2%1739733842.0",
        "linux-headers-generic/6.5.9#e8c99ef349c73b922e1cc4a65beefaf5%1740229389.0",
        "libxml2/2.12.7#737a1eba03113d1aa22d67579ced7d5e%1739733835.0",
        "libunwind/1.8.0#045502d366b4ce2bc52a492648e62d2b%1739733834.0",
        "libudev/system#6aaa8ab03cabc6f3131bac21b7ce1e8a%1739733834.0",
        "libtool/2.4.7#08316dad5c72c541ed21e039e4cf217b%1739733834.0",
        "libsndfile/1.2.2#b3662f832e29507e8d9840a43737cc14%1739733827.0",
        "libpng/1.6.43#c219d8f01983bac10c404fc613605eef%1739733827.0",
        "libpciaccess/0.17#8f027f1f793b3db91b1ab0ff99c2202d%1740229389.0",
        "libmp3lame/3.100#44b12d19316eb2b223d98d3e75dae438%1739733826.0",
        "libiconv/1.17#17b6c17e4fea9c2a321acf4a3487eae2%1739733825.0",
        "libgbm/system#2979de288d3ec53f3677287e96ed5bf8%1740228517.0",
        "libffi/3.4.4#72cccac6139293b6e97ec9cd676547ff%1739733825.0",
        "libdrm/2.4.109#f05f6f097b7c4e009c75904ef1f5ad41%1740229389.0",
        "libcap/2.69#7ef2d60864c2e58e89db957be936dc49%1739733825.0",
        "libalsa/1.2.10#8b568d62190ef588cd5dcdd81171c289%1739733824.0",
        "gtest/1.14.0#25e2a474b4d1aecf5ff4f0555dcdf72c%1739733823.0",
        "freetype/2.13.2#06456197e1aabc5923b6b561abe33bc3%1739733804.0",
        "fmt/10.2.1#8d582aeebdf05b6f0abe2911b926c3f4%1739733804.0",
        "flac/1.4.3#112ca54377880fa91b13268d48e17871%1739733803.0",
        "expat/2.6.2#2d385d0d50eb5561006a7ff9e356656b%1739733803.0",
        "egl/system#068ac3037d8cf01f768d0e001e6dcd76%1739733803.0",
        "chef-fun/cci.20233110#10bd87dcd14b21bd27e8255f952cfe2a%1739733772.0",
        "bzip2/1.0.8#457c272f7da34cb9c67456dd217d36c4%1739733772.0",
        "brotli/1.1.0#d56d7bb9ca722942aba17369cb5c0519%1739733771.0",
        "automake/1.16.5#058bda3e21c36c9aa8425daf3c1faf50%1739733770.0",
        "autoconf/2.71#f9307992909d7fb3df459340f1932809%1739733769.0",
        "advmame/4.0#25e1e1892950c7b588e881233ba5e974%1739733740.0"
    ],
    "build_requires": [
        "zlib/1.3.1#f52e03ae3d251dec704634230cd806a2%1739733953.0",
        "yasm/1.3.0#fb800a15413dca19bfaef9e4b5d50694%1739733952.0",
        "xorg-macros/1.19.3#c3465b331ce1d044ee771dc5e4529b79%1740229391.0",
        "wayland-protocols/1.33#b9e56b7662c2a25f30bfb4eb72df9ad6%1739733950.0",
        "wayland/1.22.0#284b56bdbe57868770f46100784e3b4d%1739733949.0",
        "toolchain-linux-x86_64-gcc-11.3/1.0#6a69e6ffd0f4fe95418db84f2e50d74d%1740234033.0",
        "toolchain-linux-armv7hf-gcc-11.3/1.0#7994c75e4487d5efdfa392c6908ad7d4%1740271651.0",
        "toolchain-linux-aarch64-gcc-11.3/1.0#04717bb677033f93155bdc6479f139f9%1740270490.0",
        "pkgconf/2.2.0#6462942a22803086372db44689ba825f%1740229391.0",
        "pkgconf/2.1.0#27f44583701117b571307cf5b5fe5605%1739733864.0",
        "pkgconf/2.0.3#f996677e96e61e6552d85e83756c328b%1739733864.0",
        "ninja/1.11.1#77587f8c8318662ac8e5a7867eb4be21%1739733851.0",
        "mpfr/4.2.0#b26709ecb020361b850a35b89785b37e%1739743967.0",
        "mpc/1.3.1#3d665e410fe3f0b4f0699ddf6682df29%1739743967.0",
        "mingw-w64/8.0.2#d247d8e4c6adee1356150c6099c78d57%1739743907.0",
        "meson/1.4.0#024dfac41ea5570cb1aec3ea6fe34d0a%1739733847.0",
        "meson/1.3.2#d1125ba555ec1a94f165a3412fdf7f88%1739733844.0",
        "meson/1.3.0#67eebe98438326590a9285377c37cea2%1739733844.0",
        "meson/1.2.2#04bdfb85d665c82b08a3510aee3ffd19%1739733843.0",
        "m4/1.4.19#b38ced39a01e31fef5435bc634461fd2%1739733842.0",
        "libxml2/2.12.7#737a1eba03113d1aa22d67579ced7d5e%1739733835.0",
        "libtool/2.4.7#08316dad5c72c541ed21e039e4cf217b%1739733834.0",
        "libiconv/1.17#17b6c17e4fea9c2a321acf4a3487eae2%1739733825.0",
        "libffi/3.4.4#72cccac6139293b6e97ec9cd676547ff%1739733825.0",
        "gnu-config/cci.20210814#dc430d754f465e8c74463019672fb97b%1739733823.0",
        "gmp/6.3.0#df20ffb6d21c34d67704305bcd1dea9e%1739743906.0",
        "gettext/0.21#a2bd3513f212013764c9040f4c70ed69%1739733805.0",
        "flex/2.6.4#e35bc44b3fcbcd661e0af0dc5b5b1ad4%1739733804.0",
        "expat/2.6.2#2d385d0d50eb5561006a7ff9e356656b%1739733803.0",
        "cmake/3.27.0#1916e6ab33353145b93244d065a2c868%1739733772.0",
        "bison/3.8.2#ed1ba0c42d2ab7ab64fc3a62e9ecc673%1739733770.0",
        "automake/1.16.5#058bda3e21c36c9aa8425daf3c1faf50%1739733770.0",
        "autoconf/2.71#f9307992909d7fb3df459340f1932809%1739733769.0"
    ],
    "python_requires": [],
    "overrides": {
        "flac/1.4.3": [
            "flac/1.4.3"
        ],
        "flac/1.4.2": [
            "flac/1.4.3"
        ]
    },
    "config_requires": []
}
