{
    "version": "0.5",
    "requires": [
        "zlib/1.3.1#f52e03ae3d251dec704634230cd806a2%1721762497.0",
        "xz_utils/5.4.5#51e5a6e6564f4ea3afd79def01f035ad%1721762496.0",
        "xorg/system#f626cbdd0ba57d9c53bce2d8b9362fad%1721762496.0",
        "xkeyboard-config/system#57dd5c08e72ab06bc2ee0e756c0a2c41%1721762496.0",
        "xkbcommon/1.6.0#dababe41c183634d88ad56ef4740c045%1721762495.0",
        "wayland/1.22.0#284b56bdbe57868770f46100784e3b4d%1721762494.0",
        "vorbis/1.3.7#37e58f52e59a6232199b34ef402714a6%1721762494.0",
        "stb/cci.20230920#9792498b81cf34a90138d239e36b0bf8%1721762431.0",
        "spdlog/1.12.0#baf01ff8c9be09bb6cb6c62c1804012c%1721762430.0",
        "sfml/2.6.0#1b398d9e4d0c5e6cece82a5fbf7ddb14%1721762430.0",
        "sdl/2.28.5#e1be2b96f805dd72b290e34727b86428%1721762429.0",
        "rocket/cci.20200603#e707fb33ad04797f7b04dbeec352f835%1721762429.0",
        "pulseaudio/14.2#30afeff38a7770cb9cda17a66da49a19%1721762423.0",
        "opus/1.4#54631f551fc450783fb2df8cd63f80a2%1721762422.0",
        "openssl/3.2.2#899583c694f9deccec74dbe0bbc65a15%1721762418.0",
        "opengl/system#4df6fecde4084386beded3ed0e56e4ea%1721762418.0",
        "openal-soft/1.22.2#506a381e0b805519cba4a7f1ee653fed%1721762418.0",
        "ogg/1.3.5#062626875f5c8c59f069f76f148098ef%1721762418.0",
        "nlohmann_json/3.11.2#1ded6ae5d200a68ac17c51d528b945e2%1721762418.0",
        "mpg123/1.31.2#ce831c936b2284e2066ab3dc58a2628e%1721762416.0",
        "minimp3/cci.20211201#045f7bf02ba91cce9a8730ce075705e7%1721762416.0",
        "magic_enum/0.9.3#b59b6418d7f3e348f156fc0b85a6dd08%1721762412.0",
        "m4/1.4.19#b38ced39a01e31fef5435bc634461fd2%1721762411.0",
        "libxml2/2.12.7#737a1eba03113d1aa22d67579ced7d5e%1721762410.0",
        "libunwind/1.8.0#045502d366b4ce2bc52a492648e62d2b%1721762409.0",
        "libudev/system#6aaa8ab03cabc6f3131bac21b7ce1e8a%1721762409.0",
        "libtool/2.4.7#08316dad5c72c541ed21e039e4cf217b%1721762409.0",
        "libsndfile/1.2.2#b3662f832e29507e8d9840a43737cc14%1721762404.0",
        "libpng/1.6.43#c219d8f01983bac10c404fc613605eef%1721762404.0",
        "libmp3lame/3.100#44b12d19316eb2b223d98d3e75dae438%1721762404.0",
        "libiconv/1.17#73fefc1b696e069df90fd1d18aa63edd%1721762403.0",
        "libffi/3.4.4#72cccac6139293b6e97ec9cd676547ff%1721762403.0",
        "libcap/2.69#7ef2d60864c2e58e89db957be936dc49%1721762403.0",
        "libalsa/1.2.10#8b568d62190ef588cd5dcdd81171c289%1721762402.0",
        "gtest/1.14.0#25e2a474b4d1aecf5ff4f0555dcdf72c%1721775827.0",
        "freetype/2.13.2#7934d59c447d72edcd56025dc60e1aeb%1721762391.0",
        "fmt/10.2.1#8d582aeebdf05b6f0abe2911b926c3f4%1721762391.0",
        "flac/1.4.3#112ca54377880fa91b13268d48e17871%1721762391.0",
        "expat/2.6.2#2d385d0d50eb5561006a7ff9e356656b%1721762390.0",
        "egl/system#068ac3037d8cf01f768d0e001e6dcd76%1721762361.0",
        "bzip2/1.0.8#457c272f7da34cb9c67456dd217d36c4%1721762344.0",
        "brotli/1.1.0#d56d7bb9ca722942aba17369cb5c0519%1721762343.0",
        "automake/1.16.5#058bda3e21c36c9aa8425daf3c1faf50%1721762342.0",
        "autoconf/2.71#f9307992909d7fb3df459340f1932809%1721762342.0",
        "advmame/3.10#154812ceb4be54006cdeb1b3df3df5fe%1728815242.0"
    ],
    "build_requires": [
        "zlib/1.3.1#f52e03ae3d251dec704634230cd806a2%1721762497.0",
        "yasm/1.3.0#fb800a15413dca19bfaef9e4b5d50694%1721762497.0",
        "wayland-protocols/1.33#b9e56b7662c2a25f30bfb4eb72df9ad6%1721762495.0",
        "wayland/1.22.0#284b56bdbe57868770f46100784e3b4d%1721762494.0",
        "toolchain-linux-x86_64-gcc-11.3/1.0#6c94603df7d5b4bd4852e0fdfa22a082%1727087637.0",
        "toolchain-linux-armv7hf-gcc-11.3/1.0#d5cd27540b150179e8238978add4a710%1721774336.0",
        "toolchain-linux-aarch64-gcc-11.3/1.0#7f2058ec0ee2bc48f7eeee5a9f98a486%1721772874.0",
        "pkgconf/2.1.0#27f44583701117b571307cf5b5fe5605%1721762423.0",
        "pkgconf/2.0.3#f996677e96e61e6552d85e83756c328b%1721762422.0",
        "ninja/1.11.1#77587f8c8318662ac8e5a7867eb4be21%1721762417.0",
        "meson/1.4.0#024dfac41ea5570cb1aec3ea6fe34d0a%1721762415.0",
        "meson/1.3.2#d1125ba555ec1a94f165a3412fdf7f88%1721762413.0",
        "meson/1.3.0#67eebe98438326590a9285377c37cea2%1721762412.0",
        "meson/1.2.2#04bdfb85d665c82b08a3510aee3ffd19%1721762412.0",
        "m4/1.4.19#b38ced39a01e31fef5435bc634461fd2%1721762411.0",
        "libxml2/2.12.7#737a1eba03113d1aa22d67579ced7d5e%1721762410.0",
        "libtool/2.4.7#08316dad5c72c541ed21e039e4cf217b%1721762409.0",
        "libiconv/1.17#73fefc1b696e069df90fd1d18aa63edd%1721762403.0",
        "libffi/3.4.4#72cccac6139293b6e97ec9cd676547ff%1721762403.0",
        "gnu-config/cci.20210814#dc430d754f465e8c74463019672fb97b%1721762402.0",
        "gettext/0.21#a2bd3513f212013764c9040f4c70ed69%1721762392.0",
        "flex/2.6.4#e35bc44b3fcbcd661e0af0dc5b5b1ad4%1721762391.0",
        "expat/2.6.2#2d385d0d50eb5561006a7ff9e356656b%1721762390.0",
        "cmake/3.27.0#1916e6ab33353145b93244d065a2c868%1721762344.0",
        "bison/3.8.2#ed1ba0c42d2ab7ab64fc3a62e9ecc673%1721762343.0",
        "automake/1.16.5#058bda3e21c36c9aa8425daf3c1faf50%1721762342.0",
        "autoconf/2.71#f9307992909d7fb3df459340f1932809%1721762342.0"
    ],
    "python_requires": [],
    "overrides": {
        "flac/1.4.3": [
            "flac/1.4.3"
        ],
        "flac/1.4.2": [
            "flac/1.4.3"
        ]
    },
    "config_requires": []
}
